
Microsoft Visual Studio Solution File, Format Version 12.00
# Visual Studio 15
VisualStudioVersion = 15.0.26228.4
MinimumVisualStudioVersion = 10.0.40219.1
Project("{9A19103F-16F7-4668-BE54-9A1E7A4F7556}") = "ConsoleDotNetCore1.0", "src\ConsoleDotNetCore1.0\ConsoleDotNetCore1.0.csproj", "{A2E619CB-3603-4653-9BB1-74F062163B25}"
EndProject
Project("{9A19103F-16F7-4668-BE54-9A1E7A4F7556}") = "ConsoleDotNetCore1.1", "src\ConsoleDotNetCore1.1\ConsoleDotNetCore1.1.csproj", "{BBA294F0-39D2-42DD-BFBE-EF354E6135FB}"
EndProject
Global
	GlobalSection(SolutionConfigurationPlatforms) = preSolution
		Debug|Any CPU = Debug|Any CPU
		Release|Any CPU = Release|Any CPU
	EndGlobalSection
	GlobalSection(ProjectConfigurationPlatforms) = postSolution
		{A2E619CB-3603-4653-9BB1-74F062163B25}.Debug|Any CPU.ActiveCfg = Debug|Any CPU
		{A2E619CB-3603-4653-9BB1-74F062163B25}.Debug|Any CPU.Build.0 = Debug|Any CPU
		{A2E619CB-3603-4653-9BB1-74F062163B25}.Release|Any CPU.ActiveCfg = Release|Any CPU
		{A2E619CB-3603-4653-9BB1-74F062163B25}.Release|Any CPU.Build.0 = Release|Any CPU
		{BBA294F0-39D2-42DD-BFBE-EF354E6135FB}.Debug|Any CPU.ActiveCfg = Debug|Any CPU
		{BBA294F0-39D2-42DD-BFBE-EF354E6135FB}.Debug|Any CPU.Build.0 = Debug|Any CPU
		{BBA294F0-39D2-42DD-BFBE-EF354E6135FB}.Release|Any CPU.ActiveCfg = Release|Any CPU
		{BBA294F0-39D2-42DD-BFBE-EF354E6135FB}.Release|Any CPU.Build.0 = Release|Any CPU
	EndGlobalSection
	GlobalSection(SolutionProperties) = preSolution
		HideSolutionNode = FALSE
	EndGlobalSection
EndGlobal
